// !$*UTF8*$!
{
	archiveVersion = 1;
	classes = {
	};
	objectVersion = 56;
	objects = {

/* Begin PBXBuildFile section */
		AF561BB029AFACF7000EF400 /* AppDelegate.swift in Sources */ = {isa = PBXBuildFile; fileRef = AF561BAF29AFACF7000EF400 /* AppDelegate.swift */; };
		AF561BB229AFACF7000EF400 /* SceneDelegate.swift in Sources */ = {isa = PBXBuildFile; fileRef = AF561BB129AFACF7000EF400 /* SceneDelegate.swift */; };
		AF561BB729AFACF7000EF400 /* Main.storyboard in Resources */ = {isa = PBXBuildFile; fileRef = AF561BB529AFACF7000EF400 /* Main.storyboard */; };
		AF561BB929AFACF8000EF400 /* Assets.xcassets in Resources */ = {isa = PBXBuildFile; fileRef = AF561BB829AFACF8000EF400 /* Assets.xcassets */; };
		AF561BBC29AFACF8000EF400 /* LaunchScreen.storyboard in Resources */ = {isa = PBXBuildFile; fileRef = AF561BBA29AFACF8000EF400 /* LaunchScreen.storyboard */; };
		AF561BC629AFADB8000EF400 /* Category.swift in Sources */ = {isa = PBXBuildFile; fileRef = AF561BC529AFADB8000EF400 /* Category.swift */; };
		AF561BC929AFB067000EF400 /* Meal.swift in Sources */ = {isa = PBXBuildFile; fileRef = AF561BC829AFB067000EF400 /* Meal.swift */; };
		AF561BCC29AFB1B4000EF400 /* MealService.swift in Sources */ = {isa = PBXBuildFile; fileRef = AF561BCB29AFB1B4000EF400 /* MealService.swift */; };
		AF561BCF29AFB2DF000EF400 /* NetworkError.swift in Sources */ = {isa = PBXBuildFile; fileRef = AF561BCE29AFB2DF000EF400 /* NetworkError.swift */; };
		AF561BD129AFB466000EF400 /* Constants.swift in Sources */ = {isa = PBXBuildFile; fileRef = AF561BD029AFB466000EF400 /* Constants.swift */; };
		AF561BD529AFC1BB000EF400 /* CategoryListTableViewController.swift in Sources */ = {isa = PBXBuildFile; fileRef = AF561BD429AFC1BB000EF400 /* CategoryListTableViewController.swift */; };
		AF561BD729AFC1C3000EF400 /* MealListTableViewController.swift in Sources */ = {isa = PBXBuildFile; fileRef = AF561BD629AFC1C3000EF400 /* MealListTableViewController.swift */; };
		AF561BD929AFD067000EF400 /* Recipe.swift in Sources */ = {isa = PBXBuildFile; fileRef = AF561BD829AFD067000EF400 /* Recipe.swift */; };
		AF561C1429B11BAD000EF400 /* RecipeViewController.swift in Sources */ = {isa = PBXBuildFile; fileRef = AF561C1329B11BAD000EF400 /* RecipeViewController.swift */; };
		AF561C1629B11BD2000EF400 /* InstructionsViewController.swift in Sources */ = {isa = PBXBuildFile; fileRef = AF561C1529B11BD2000EF400 /* InstructionsViewController.swift */; };
		AFDA41D129BA82E1007AF208 /* APIService.swift in Sources */ = {isa = PBXBuildFile; fileRef = AFDA41D029BA82E1007AF208 /* APIService.swift */; };
		AFDA41D329BA8F66007AF208 /* CategoryListViewModel.swift in Sources */ = {isa = PBXBuildFile; fileRef = AFDA41D229BA8F66007AF208 /* CategoryListViewModel.swift */; };
/* End PBXBuildFile section */

/* Begin PBXFileReference section */
		AF561BAC29AFACF7000EF400 /* mealMaker.app */ = {isa = PBXFileReference; explicitFileType = wrapper.application; includeInIndex = 0; path = mealMaker.app; sourceTree = BUILT_PRODUCTS_DIR; };
		AF561BAF29AFACF7000EF400 /* AppDelegate.swift */ = {isa = PBXFileReference; lastKnownFileType = sourcecode.swift; path = AppDelegate.swift; sourceTree = "<group>"; };
		AF561BB129AFACF7000EF400 /* SceneDelegate.swift */ = {isa = PBXFileReference; lastKnownFileType = sourcecode.swift; path = SceneDelegate.swift; sourceTree = "<group>"; };
		AF561BB629AFACF7000EF400 /* Base */ = {isa = PBXFileReference; lastKnownFileType = file.storyboard; name = Base; path = Base.lproj/Main.storyboard; sourceTree = "<group>"; };
		AF561BB829AFACF8000EF400 /* Assets.xcassets */ = {isa = PBXFileReference; lastKnownFileType = folder.assetcatalog; path = Assets.xcassets; sourceTree = "<group>"; };
		AF561BBB29AFACF8000EF400 /* Base */ = {isa = PBXFileReference; lastKnownFileType = file.storyboard; name = Base; path = Base.lproj/LaunchScreen.storyboard; sourceTree = "<group>"; };
		AF561BBD29AFACF8000EF400 /* Info.plist */ = {isa = PBXFileReference; lastKnownFileType = text.plist.xml; path = Info.plist; sourceTree = "<group>"; };
		AF561BC529AFADB8000EF400 /* Category.swift */ = {isa = PBXFileReference; lastKnownFileType = sourcecode.swift; path = Category.swift; sourceTree = "<group>"; };
		AF561BC829AFB067000EF400 /* Meal.swift */ = {isa = PBXFileReference; lastKnownFileType = sourcecode.swift; path = Meal.swift; sourceTree = "<group>"; };
		AF561BCB29AFB1B4000EF400 /* MealService.swift */ = {isa = PBXFileReference; lastKnownFileType = sourcecode.swift; path = MealService.swift; sourceTree = "<group>"; };
		AF561BCE29AFB2DF000EF400 /* NetworkError.swift */ = {isa = PBXFileReference; lastKnownFileType = sourcecode.swift; path = NetworkError.swift; sourceTree = "<group>"; };
		AF561BD029AFB466000EF400 /* Constants.swift */ = {isa = PBXFileReference; lastKnownFileType = sourcecode.swift; path = Constants.swift; sourceTree = "<group>"; };
		AF561BD429AFC1BB000EF400 /* CategoryListTableViewController.swift */ = {isa = PBXFileReference; lastKnownFileType = sourcecode.swift; path = CategoryListTableViewController.swift; sourceTree = "<group>"; };
		AF561BD629AFC1C3000EF400 /* MealListTableViewController.swift */ = {isa = PBXFileReference; lastKnownFileType = sourcecode.swift; path = MealListTableViewController.swift; sourceTree = "<group>"; };
		AF561BD829AFD067000EF400 /* Recipe.swift */ = {isa = PBXFileReference; lastKnownFileType = sourcecode.swift; path = Recipe.swift; sourceTree = "<group>"; };
		AF561C1329B11BAD000EF400 /* RecipeViewController.swift */ = {isa = PBXFileReference; lastKnownFileType = sourcecode.swift; path = RecipeViewController.swift; sourceTree = "<group>"; };
		AF561C1529B11BD2000EF400 /* InstructionsViewController.swift */ = {isa = PBXFileReference; lastKnownFileType = sourcecode.swift; path = InstructionsViewController.swift; sourceTree = "<group>"; };
		AFDA41D029BA82E1007AF208 /* APIService.swift */ = {isa = PBXFileReference; lastKnownFileType = sourcecode.swift; path = APIService.swift; sourceTree = "<group>"; };
		AFDA41D229BA8F66007AF208 /* CategoryListViewModel.swift */ = {isa = PBXFileReference; lastKnownFileType = sourcecode.swift; path = CategoryListViewModel.swift; sourceTree = "<group>"; };
/* End PBXFileReference section */

/* Begin PBXFrameworksBuildPhase section */
		AF561BA929AFACF7000EF400 /* Frameworks */ = {
			isa = PBXFrameworksBuildPhase;
			buildActionMask = 2147483647;
			files = (
			);
			runOnlyForDeploymentPostprocessing = 0;
		};
/* End PBXFrameworksBuildPhase section */

/* Begin PBXGroup section */
		AF561BA329AFACF7000EF400 = {
			isa = PBXGroup;
			children = (
				AF561BAE29AFACF7000EF400 /* mealMaker */,
				AF561BAD29AFACF7000EF400 /* Products */,
			);
			sourceTree = "<group>";
		};
		AF561BAD29AFACF7000EF400 /* Products */ = {
			isa = PBXGroup;
			children = (
				AF561BAC29AFACF7000EF400 /* mealMaker.app */,
			);
			name = Products;
			sourceTree = "<group>";
		};
		AF561BAE29AFACF7000EF400 /* mealMaker */ = {
			isa = PBXGroup;
			children = (
				AF561BC329AFAD86000EF400 /* SupportingFiles */,
				AF561BC429AFAD94000EF400 /* Storyboard */,
				AF561BD229AFC19B000EF400 /* UI */,
				AF561BCD29AFB2D0000EF400 /* Helper & Extensions */,
				AF561BC729AFADC0000EF400 /* Model */,
			);
			path = mealMaker;
			sourceTree = "<group>";
		};
		AF561BC329AFAD86000EF400 /* SupportingFiles */ = {
			isa = PBXGroup;
			children = (
				AF561BAF29AFACF7000EF400 /* AppDelegate.swift */,
				AF561BB129AFACF7000EF400 /* SceneDelegate.swift */,
				AF561BB829AFACF8000EF400 /* Assets.xcassets */,
				AF561BBD29AFACF8000EF400 /* Info.plist */,
			);
			path = SupportingFiles;
			sourceTree = "<group>";
		};
		AF561BC429AFAD94000EF400 /* Storyboard */ = {
			isa = PBXGroup;
			children = (
				AF561BB529AFACF7000EF400 /* Main.storyboard */,
				AF561BBA29AFACF8000EF400 /* LaunchScreen.storyboard */,
			);
			path = Storyboard;
			sourceTree = "<group>";
		};
		AF561BC729AFADC0000EF400 /* Model */ = {
			isa = PBXGroup;
			children = (
				AF561BC529AFADB8000EF400 /* Category.swift */,
				AF561BC829AFB067000EF400 /* Meal.swift */,
				AF561BD829AFD067000EF400 /* Recipe.swift */,
			);
			path = Model;
			sourceTree = "<group>";
		};
		AF561BCA29AFB1A5000EF400 /* Category List */ = {
			isa = PBXGroup;
			children = (
				AF561BCB29AFB1B4000EF400 /* MealService.swift */,
				AFDA41D229BA8F66007AF208 /* CategoryListViewModel.swift */,
				AF561BD429AFC1BB000EF400 /* CategoryListTableViewController.swift */,
			);
			path = "Category List";
			sourceTree = "<group>";
		};
		AF561BCD29AFB2D0000EF400 /* Helper & Extensions */ = {
			isa = PBXGroup;
			children = (
				AF561BCE29AFB2DF000EF400 /* NetworkError.swift */,
				AF561BD029AFB466000EF400 /* Constants.swift */,
				AFDA41D029BA82E1007AF208 /* APIService.swift */,
			);
			path = "Helper & Extensions";
			sourceTree = "<group>";
		};
		AF561BD229AFC19B000EF400 /* UI */ = {
			isa = PBXGroup;
			children = (
				AF561BCA29AFB1A5000EF400 /* Category List */,
				AF561BD329AFC1A2000EF400 /* ViewControllers */,
			);
			path = UI;
			sourceTree = "<group>";
		};
		AF561BD329AFC1A2000EF400 /* ViewControllers */ = {
			isa = PBXGroup;
			children = (
				AF561BD629AFC1C3000EF400 /* MealListTableViewController.swift */,
				AF561C1329B11BAD000EF400 /* RecipeViewController.swift */,
				AF561C1529B11BD2000EF400 /* InstructionsViewController.swift */,
			);
			path = ViewControllers;
			sourceTree = "<group>";
		};
/* End PBXGroup section */

/* Begin PBXNativeTarget section */
		AF561BAB29AFACF7000EF400 /* mealMaker */ = {
			isa = PBXNativeTarget;
			buildConfigurationList = AF561BC029AFACF8000EF400 /* Build configuration list for PBXNativeTarget "mealMaker" */;
			buildPhases = (
				AF561BA829AFACF7000EF400 /* Sources */,
				AF561BA929AFACF7000EF400 /* Frameworks */,
				AF561BAA29AFACF7000EF400 /* Resources */,
			);
			buildRules = (
			);
			dependencies = (
			);
			name = mealMaker;
			productName = mealMaker;
			productReference = AF561BAC29AFACF7000EF400 /* mealMaker.app */;
			productType = "com.apple.product-type.application";
		};
/* End PBXNativeTarget section */

/* Begin PBXProject section */
		AF561BA429AFACF7000EF400 /* Project object */ = {
			isa = PBXProject;
			attributes = {
				BuildIndependentTargetsInParallel = 1;
				LastSwiftUpdateCheck = 1420;
				LastUpgradeCheck = 1420;
				TargetAttributes = {
					AF561BAB29AFACF7000EF400 = {
						CreatedOnToolsVersion = 14.2;
					};
				};
			};
			buildConfigurationList = AF561BA729AFACF7000EF400 /* Build configuration list for PBXProject "mealMaker" */;
			compatibilityVersion = "Xcode 14.0";
			developmentRegion = en;
			hasScannedForEncodings = 0;
			knownRegions = (
				en,
				Base,
			);
			mainGroup = AF561BA329AFACF7000EF400;
			productRefGroup = AF561BAD29AFACF7000EF400 /* Products */;
			projectDirPath = "";
			projectRoot = "";
			targets = (
				AF561BAB29AFACF7000EF400 /* mealMaker */,
			);
		};
/* End PBXProject section */

/* Begin PBXResourcesBuildPhase section */
		AF561BAA29AFACF7000EF400 /* Resources */ = {
			isa = PBXResourcesBuildPhase;
			buildActionMask = 2147483647;
			files = (
				AF561BBC29AFACF8000EF400 /* LaunchScreen.storyboard in Resources */,
				AF561BB929AFACF8000EF400 /* Assets.xcassets in Resources */,
				AF561BB729AFACF7000EF400 /* Main.storyboard in Resources */,
			);
			runOnlyForDeploymentPostprocessing = 0;
		};
/* End PBXResourcesBuildPhase section */

/* Begin PBXSourcesBuildPhase section */
		AF561BA829AFACF7000EF400 /* Sources */ = {
			isa = PBXSourcesBuildPhase;
			buildActionMask = 2147483647;
			files = (
				AF561BC929AFB067000EF400 /* Meal.swift in Sources */,
				AFDA41D329BA8F66007AF208 /* CategoryListViewModel.swift in Sources */,
				AF561BD529AFC1BB000EF400 /* CategoryListTableViewController.swift in Sources */,
				AF561BD929AFD067000EF400 /* Recipe.swift in Sources */,
				AF561BB029AFACF7000EF400 /* AppDelegate.swift in Sources */,
				AF561BC629AFADB8000EF400 /* Category.swift in Sources */,
				AF561C1429B11BAD000EF400 /* RecipeViewController.swift in Sources */,
				AF561C1629B11BD2000EF400 /* InstructionsViewController.swift in Sources */,
				AF561BCF29AFB2DF000EF400 /* NetworkError.swift in Sources */,
				AF561BD129AFB466000EF400 /* Constants.swift in Sources */,
				AFDA41D129BA82E1007AF208 /* APIService.swift in Sources */,
				AF561BCC29AFB1B4000EF400 /* MealService.swift in Sources */,
				AF561BB229AFACF7000EF400 /* SceneDelegate.swift in Sources */,
				AF561BD729AFC1C3000EF400 /* MealListTableViewController.swift in Sources */,
			);
			runOnlyForDeploymentPostprocessing = 0;
		};
/* End PBXSourcesBuildPhase section */

/* Begin PBXVariantGroup section */
		AF561BB529AFACF7000EF400 /* Main.storyboard */ = {
			isa = PBXVariantGroup;
			children = (
				AF561BB629AFACF7000EF400 /* Base */,
			);
			name = Main.storyboard;
			sourceTree = "<group>";
		};
		AF561BBA29AFACF8000EF400 /* LaunchScreen.storyboard */ = {
			isa = PBXVariantGroup;
			children = (
				AF561BBB29AFACF8000EF400 /* Base */,
			);
			name = LaunchScreen.storyboard;
			sourceTree = "<group>";
		};
/* End PBXVariantGroup section */

/* Begin XCBuildConfiguration section */
		AF561BBE29AFACF8000EF400 /* Debug */ = {
			isa = XCBuildConfiguration;
			buildSettings = {
				ALWAYS_SEARCH_USER_PATHS = NO;
				CLANG_ANALYZER_NONNULL = YES;
				CLANG_ANALYZER_NUMBER_OBJECT_CONVERSION = YES_AGGRESSIVE;
				CLANG_CXX_LANGUAGE_STANDARD = "gnu++20";
				CLANG_ENABLE_MODULES = YES;
				CLANG_ENABLE_OBJC_ARC = YES;
				CLANG_ENABLE_OBJC_WEAK = YES;
				CLANG_WARN_BLOCK_CAPTURE_AUTORELEASING = YES;
				CLANG_WARN_BOOL_CONVERSION = YES;
				CLANG_WARN_COMMA = YES;
				CLANG_WARN_CONSTANT_CONVERSION = YES;
				CLANG_WARN_DEPRECATED_OBJC_IMPLEMENTATIONS = YES;
				CLANG_WARN_DIRECT_OBJC_ISA_USAGE = YES_ERROR;
				CLANG_WARN_DOCUMENTATION_COMMENTS = YES;
				CLANG_WARN_EMPTY_BODY = YES;
				CLANG_WARN_ENUM_CONVERSION = YES;
				CLANG_WARN_INFINITE_RECURSION = YES;
				CLANG_WARN_INT_CONVERSION = YES;
				CLANG_WARN_NON_LITERAL_NULL_CONVERSION = YES;
				CLANG_WARN_OBJC_IMPLICIT_RETAIN_SELF = YES;
				CLANG_WARN_OBJC_LITERAL_CONVERSION = YES;
				CLANG_WARN_OBJC_ROOT_CLASS = YES_ERROR;
				CLANG_WARN_QUOTED_INCLUDE_IN_FRAMEWORK_HEADER = YES;
				CLANG_WARN_RANGE_LOOP_ANALYSIS = YES;
				CLANG_WARN_STRICT_PROTOTYPES = YES;
				CLANG_WARN_SUSPICIOUS_MOVE = YES;
				CLANG_WARN_UNGUARDED_AVAILABILITY = YES_AGGRESSIVE;
				CLANG_WARN_UNREACHABLE_CODE = YES;
				CLANG_WARN__DUPLICATE_METHOD_MATCH = YES;
				COPY_PHASE_STRIP = NO;
				DEBUG_INFORMATION_FORMAT = dwarf;
				ENABLE_STRICT_OBJC_MSGSEND = YES;
				ENABLE_TESTABILITY = YES;
				GCC_C_LANGUAGE_STANDARD = gnu11;
				GCC_DYNAMIC_NO_PIC = NO;
				GCC_NO_COMMON_BLOCKS = YES;
				GCC_OPTIMIZATION_LEVEL = 0;
				GCC_PREPROCESSOR_DEFINITIONS = (
					"DEBUG=1",
					"$(inherited)",
				);
				GCC_WARN_64_TO_32_BIT_CONVERSION = YES;
				GCC_WARN_ABOUT_RETURN_TYPE = YES_ERROR;
				GCC_WARN_UNDECLARED_SELECTOR = YES;
				GCC_WARN_UNINITIALIZED_AUTOS = YES_AGGRESSIVE;
				GCC_WARN_UNUSED_FUNCTION = YES;
				GCC_WARN_UNUSED_VARIABLE = YES;
				IPHONEOS_DEPLOYMENT_TARGET = 16.2;
				MTL_ENABLE_DEBUG_INFO = INCLUDE_SOURCE;
				MTL_FAST_MATH = YES;
				ONLY_ACTIVE_ARCH = YES;
				SDKROOT = iphoneos;
				SWIFT_ACTIVE_COMPILATION_CONDITIONS = DEBUG;
				SWIFT_OPTIMIZATION_LEVEL = "-Onone";
			};
			name = Debug;
		};
		AF561BBF29AFACF8000EF400 /* Release */ = {
			isa = XCBuildConfiguration;
			buildSettings = {
				ALWAYS_SEARCH_USER_PATHS = NO;
				CLANG_ANALYZER_NONNULL = YES;
				CLANG_ANALYZER_NUMBER_OBJECT_CONVERSION = YES_AGGRESSIVE;
				CLANG_CXX_LANGUAGE_STANDARD = "gnu++20";
				CLANG_ENABLE_MODULES = YES;
				CLANG_ENABLE_OBJC_ARC = YES;
				CLANG_ENABLE_OBJC_WEAK = YES;
				CLANG_WARN_BLOCK_CAPTURE_AUTORELEASING = YES;
				CLANG_WARN_BOOL_CONVERSION = YES;
				CLANG_WARN_COMMA = YES;
				CLANG_WARN_CONSTANT_CONVERSION = YES;
				CLANG_WARN_DEPRECATED_OBJC_IMPLEMENTATIONS = YES;
				CLANG_WARN_DIRECT_OBJC_ISA_USAGE = YES_ERROR;
				CLANG_WARN_DOCUMENTATION_COMMENTS = YES;
				CLANG_WARN_EMPTY_BODY = YES;
				CLANG_WARN_ENUM_CONVERSION = YES;
				CLANG_WARN_INFINITE_RECURSION = YES;
				CLANG_WARN_INT_CONVERSION = YES;
				CLANG_WARN_NON_LITERAL_NULL_CONVERSION = YES;
				CLANG_WARN_OBJC_IMPLICIT_RETAIN_SELF = YES;
				CLANG_WARN_OBJC_LITERAL_CONVERSION = YES;
				CLANG_WARN_OBJC_ROOT_CLASS = YES_ERROR;
				CLANG_WARN_QUOTED_INCLUDE_IN_FRAMEWORK_HEADER = YES;
				CLANG_WARN_RANGE_LOOP_ANALYSIS = YES;
				CLANG_WARN_STRICT_PROTOTYPES = YES;
				CLANG_WARN_SUSPICIOUS_MOVE = YES;
				CLANG_WARN_UNGUARDED_AVAILABILITY = YES_AGGRESSIVE;
				CLANG_WARN_UNREACHABLE_CODE = YES;
				CLANG_WARN__DUPLICATE_METHOD_MATCH = YES;
				COPY_PHASE_STRIP = NO;
				DEBUG_INFORMATION_FORMAT = "dwarf-with-dsym";
				ENABLE_NS_ASSERTIONS = NO;
				ENABLE_STRICT_OBJC_MSGSEND = YES;
				GCC_C_LANGUAGE_STANDARD = gnu11;
				GCC_NO_COMMON_BLOCKS = YES;
				GCC_WARN_64_TO_32_BIT_CONVERSION = YES;
				GCC_WARN_ABOUT_RETURN_TYPE = YES_ERROR;
				GCC_WARN_UNDECLARED_SELECTOR = YES;
				GCC_WARN_UNINITIALIZED_AUTOS = YES_AGGRESSIVE;
				GCC_WARN_UNUSED_FUNCTION = YES;
				GCC_WARN_UNUSED_VARIABLE = YES;
				IPHONEOS_DEPLOYMENT_TARGET = 16.2;
				MTL_ENABLE_DEBUG_INFO = NO;
				MTL_FAST_MATH = YES;
				SDKROOT = iphoneos;
				SWIFT_COMPILATION_MODE = wholemodule;
				SWIFT_OPTIMIZATION_LEVEL = "-O";
				VALIDATE_PRODUCT = YES;
			};
			name = Release;
		};
		AF561BC129AFACF8000EF400 /* Debug */ = {
			isa = XCBuildConfiguration;
			buildSettings = {
				ASSETCATALOG_COMPILER_APPICON_NAME = AppIcon;
				ASSETCATALOG_COMPILER_GLOBAL_ACCENT_COLOR_NAME = AccentColor;
				CODE_SIGN_STYLE = Automatic;
				CURRENT_PROJECT_VERSION = 1;
				GENERATE_INFOPLIST_FILE = YES;
				INFOPLIST_FILE = mealMaker/SupportingFiles/Info.plist;
				INFOPLIST_KEY_UIApplicationSupportsIndirectInputEvents = YES;
				INFOPLIST_KEY_UILaunchStoryboardName = LaunchScreen;
				INFOPLIST_KEY_UIMainStoryboardFile = Main;
				INFOPLIST_KEY_UISupportedInterfaceOrientations_iPad = "UIInterfaceOrientationPortrait UIInterfaceOrientationPortraitUpsideDown UIInterfaceOrientationLandscapeLeft UIInterfaceOrientationLandscapeRight";
				INFOPLIST_KEY_UISupportedInterfaceOrientations_iPhone = "UIInterfaceOrientationPortrait UIInterfaceOrientationLandscapeLeft UIInterfaceOrientationLandscapeRight";
				LD_RUNPATH_SEARCH_PATHS = (
					"$(inherited)",
					"@executable_path/Frameworks",
				);
				MARKETING_VERSION = 1.0;
				PRODUCT_BUNDLE_IDENTIFIER = "BlakHawk-Productions.mealMaker";
				PRODUCT_NAME = "$(TARGET_NAME)";
				SWIFT_EMIT_LOC_STRINGS = YES;
				SWIFT_VERSION = 5.0;
				TARGETED_DEVICE_FAMILY = "1,2";
			};
			name = Debug;
		};
		AF561BC229AFACF8000EF400 /* Release */ = {
			isa = XCBuildConfiguration;
			buildSettings = {
				ASSETCATALOG_COMPILER_APPICON_NAME = AppIcon;
				ASSETCATALOG_COMPILER_GLOBAL_ACCENT_COLOR_NAME = AccentColor;
				CODE_SIGN_STYLE = Automatic;
				CURRENT_PROJECT_VERSION = 1;
				GENERATE_INFOPLIST_FILE = YES;
				INFOPLIST_FILE = mealMaker/SupportingFiles/Info.plist;
				INFOPLIST_KEY_UIApplicationSupportsIndirectInputEvents = YES;
				INFOPLIST_KEY_UILaunchStoryboardName = LaunchScreen;
				INFOPLIST_KEY_UIMainStoryboardFile = Main;
				INFOPLIST_KEY_UISupportedInterfaceOrientations_iPad = "UIInterfaceOrientationPortrait UIInterfaceOrientationPortraitUpsideDown UIInterfaceOrientationLandscapeLeft UIInterfaceOrientationLandscapeRight";
				INFOPLIST_KEY_UISupportedInterfaceOrientations_iPhone = "UIInterfaceOrientationPortrait UIInterfaceOrientationLandscapeLeft UIInterfaceOrientationLandscapeRight";
				LD_RUNPATH_SEARCH_PATHS = (
					"$(inherited)",
					"@executable_path/Frameworks",
				);
				MARKETING_VERSION = 1.0;
				PRODUCT_BUNDLE_IDENTIFIER = "BlakHawk-Productions.mealMaker";
				PRODUCT_NAME = "$(TARGET_NAME)";
				SWIFT_EMIT_LOC_STRINGS = YES;
				SWIFT_VERSION = 5.0;
				TARGETED_DEVICE_FAMILY = "1,2";
			};
			name = Release;
		};
/* End XCBuildConfiguration section */

/* Begin XCConfigurationList section */
		AF561BA729AFACF7000EF400 /* Build configuration list for PBXProject "mealMaker" */ = {
			isa = XCConfigurationList;
			buildConfigurations = (
				AF561BBE29AFACF8000EF400 /* Debug */,
				AF561BBF29AFACF8000EF400 /* Release */,
			);
			defaultConfigurationIsVisible = 0;
			defaultConfigurationName = Release;
		};
		AF561BC029AFACF8000EF400 /* Build configuration list for PBXNativeTarget "mealMaker" */ = {
			isa = XCConfigurationList;
			buildConfigurations = (
				AF561BC129AFACF8000EF400 /* Debug */,
				AF561BC229AFACF8000EF400 /* Release */,
			);
			defaultConfigurationIsVisible = 0;
			defaultConfigurationName = Release;
		};
/* End XCConfigurationList section */
	};
	rootObject = AF561BA429AFACF7000EF400 /* Project object */;
}
